{
  "version": 4,
  "terraform_version": "1.9.7",
  "serial": 177,
  "lineage": "c0f7916d-ba13-80d6-0979-6175830f2a4c",
  "outputs": {
    "droplet_ip": {
      "value": "138.68.188.185",
      "type": "string"
    }
  },
  "resources": [
    {
      "mode": "data",
      "type": "digitalocean_ssh_key",
      "name": "terraform",
      "provider": "provider[\"registry.terraform.io/digitalocean/digitalocean\"]",
      "instances": [
        {
          "schema_version": 0,
          "attributes": {
            "fingerprint": "23:8f:46:29:3a:08:0b:6a:bd:1a:09:6a:40:c6:ff:b1",
            "id": 43625594,
            "name": "Desktop",
            "public_key": "ssh-rsa AAAAB3NzaC1yc2EAAAADAQABAAABgQCxldiL/eBFNUNOtMxGHvNWltBOdFmiL724iZNkVVui3K57nHlA4vtqPPrjIvZIGlakqNchhkoqfmOcbfO1JIXIPSRWi0+84Ge4WJnmZPcj7y1s7BKZpWd5M9QHq96Zc0cP9fKlwR1zUQZGjtQZjAijx2jVECx6imVWSkqt9Jy5o+Q2cyGWgYFNyPcpOWMnXf5ZveJTqYCWlDDWcE2hm3LTPNKiuDRfqB9yojj8N3ouIAl3Mo+cjPeKhCncCMH39pFLX2bMs/UIgXBzpAcmJwkDMdit3dKZx4R3h4uJLhiHpOgIAGKKwt12MSdyImnUfo+3zPlBL+YKbU6wKZQxfnynvvtTdFiMmqjtr4/mJoLiWuyt4+zfH1m7+QRlTiKi+4j5Mr/1a3Akbt3GKXcSxVdAgax9LXVlrahZCFJ2vyxaRYtTDWRuOPMqhH5yv5M+5BTHjcs+oEwf7vkpc9pmG+lWb26YmsZ7DWw4u3pEPKYgh9KzT5hT/rpPJlSAu6/RYss= me@GarageOfficePC"
          },
          "sensitive_attributes": []
        }
      ]
    },
    {
      "mode": "managed",
      "type": "digitalocean_droplet",
      "name": "jaysgame",
      "provider": "provider[\"registry.terraform.io/digitalocean/digitalocean\"]",
      "instances": [
        {
          "schema_version": 1,
          "attributes": {
            "backups": false,
            "created_at": "2025-03-11T18:53:02Z",
            "disk": 50,
            "droplet_agent": null,
            "graceful_shutdown": false,
            "id": "482170625",
            "image": "ubuntu-24-04-x64",
            "ipv4_address": "138.68.188.185",
            "ipv4_address_private": "10.106.0.3",
            "ipv6": false,
            "ipv6_address": "",
            "locked": false,
            "memory": 2048,
            "monitoring": false,
            "name": "jaysgame",
            "price_hourly": 0.01786,
            "price_monthly": 12,
            "private_networking": true,
            "region": "lon1",
            "resize_disk": true,
            "size": "s-1vcpu-2gb",
            "ssh_keys": [
              "43625594"
            ],
            "status": "active",
            "tags": null,
            "timeouts": null,
            "urn": "do:droplet:482170625",
            "user_data": null,
            "vcpus": 1,
            "volume_ids": [],
            "vpc_uuid": "e43aea8b-c9ab-474e-b60a-9874adce9c56"
          },
          "sensitive_attributes": [],
          "private": "eyJlMmJmYjczMC1lY2FhLTExZTYtOGY4OC0zNDM2M2JjN2M0YzAiOnsiY3JlYXRlIjozNjAwMDAwMDAwMDAwLCJkZWxldGUiOjYwMDAwMDAwMDAwLCJ1cGRhdGUiOjM2MDAwMDAwMDAwMDB9LCJzY2hlbWFfdmVyc2lvbiI6IjEifQ==",
          "dependencies": [
            "data.digitalocean_ssh_key.terraform"
          ]
        }
      ]
    },
    {
      "mode": "managed",
      "type": "digitalocean_record",
      "name": "a_record",
      "provider": "provider[\"registry.terraform.io/digitalocean/digitalocean\"]",
      "instances": [
        {
          "schema_version": 0,
          "attributes": {
            "domain": "moncorvosolutions.com",
            "flags": 0,
            "fqdn": "game.moncorvosolutions.com",
            "id": "1771680851",
            "name": "game",
            "port": 0,
            "priority": 0,
            "tag": "",
            "ttl": 3600,
            "type": "A",
            "value": "138.68.188.185",
            "weight": 0
          },
          "sensitive_attributes": [],
          "private": "bnVsbA==",
          "dependencies": [
            "data.digitalocean_ssh_key.terraform",
            "digitalocean_droplet.jaysgame"
          ]
        }
      ]
    }
  ],
  "check_results": null
}
