{
  "version": 4,
  "terraform_version": "1.9.7",
  "serial": 554,
  "lineage": "4667f00c-2d75-c47f-b521-1191f218dc6d",
  "outputs": {
    "module_path_debug": {
      "value": "Module path is: /C/Users/me/coding/jaysgame/terraform/docker_configuration",
      "type": "string"
    }
  },
  "resources": [
    {
      "mode": "data",
      "type": "terraform_remote_state",
      "name": "droplet",
      "provider": "provider[\"terraform.io/builtin/terraform\"]",
      "instances": [
        {
          "schema_version": 0,
          "attributes": {
            "backend": "local",
            "config": {
              "value": {
                "path": "../droplet_configuration/terraform.tfstate"
              },
              "type": [
                "object",
                {
                  "path": "string"
                }
              ]
            },
            "defaults": null,
            "outputs": {
              "value": {
                "droplet_ip": "188.166.169.27"
              },
              "type": [
                "object",
                {
                  "droplet_ip": "string"
                }
              ]
            },
            "workspace": null
          },
          "sensitive_attributes": []
        }
      ]
    },
    {
      "mode": "managed",
      "type": "docker_container",
      "name": "aibroker_container",
      "provider": "provider[\"registry.terraform.io/kreuzwerker/docker\"]",
      "instances": [
        {
          "schema_version": 2,
          "attributes": {
            "attach": false,
            "bridge": "",
            "capabilities": [],
            "cgroupns_mode": null,
            "command": [
              "python",
              "./main.py"
            ],
            "container_logs": null,
            "container_read_refresh_timeout_milliseconds": 15000,
            "cpu_set": "",
            "cpu_shares": 0,
            "destroy_grace_seconds": null,
            "devices": [],
            "dns": null,
            "dns_opts": null,
            "dns_search": null,
            "domainname": "",
            "entrypoint": [],
            "env": [
              "AI_COUNT=1",
              "ANTHROPIC_API_KEY=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",
              "GAMESERVER_HOSTNAME=188.166.169.27",
              "GAMESERVER_PORT=4222",
              "GOOGLE_GEMINI_KEY=ewogICJ0eXBlIjogInNlcnZpY2VfYWNjb3VudCIsCiAgInByb2plY3RfaWQiOiAibnVtZXJpYy1hbXBob3JhLTQ0OTcxNy1nMCIsCiAgInByaXZhdGVfa2V5X2lkIjogImYyYTk3ZDNlNWVmYTUwMGQ2NThhZDg4YzJmY2ExNGRkMGE2ZmYwMjAiLAogICJwcml2YXRlX2tleSI6ICItLS0tLUJFR0lOIFBSSVZBVEUgS0VZLS0tLS1cbk1JSUV2QUlCQURBTkJna3Foa2lHOXcwQkFRRUZBQVNDQktZd2dnU2lBZ0VBQW9JQkFRRGlTMHNBeW56aDFyRTdcblM0cFFoYk9CdHIxNlZ1Vm92RmdOZi9LWi91OHNCM2lSc2FtN3ZUeGM0bElCZ0QrbDB1SGFYbitwbk51U1huUW1cbnNxYUkzSTNMZW1RdE5wbHI4NjFmb2NMcjMrUnhQOEhrS21NcXQ2T2txb3dnSS9qajhEU1ROa1NKbU1mbmp6Zm5cbmFEMzdJZCtpQ05yTElYQTI3Y242MCs1dDVuTnYwenMyaGtkOTNqa1lIVEcyS3Q3VHpoRkRsZ0RyNnVGRGsvby9cbmlTUVRkbmdoMTUwUlpZYkx5ekJNdFhneTBWWElyUHJXL1N1NEVyekxvN3pzL1ZRSGhVUTR5SHIwQzFUYWYvUnFcbkh2R3p4bGFrdEVlSkErd0poM1o3UkZJNG9uNTVTS2oyUis1cW1FbDB6R0FjTG1MT1ZZY3E0QmpmRUU5TjlObU9cbmRHN1JqZ01mQWdNQkFBRUNnZ0VBT1BDK0lpaFJUUmhUQnpzR1JpV21XZlRMNzUwdTQzQkU3YnlzcEVBb0dWbVZcbjVuOGdXT3VRWlVUVFlxcE5HYUliRDNIb3lKcCtDM0gxNHdqZjY1OG5sTFFxd2MrendoeVNHdmFlai9DSjBFODlcbkwvYlVkaHE0TkFadjlPUm9TNTZVOUJmYkhnNVIrcnVvVXZPQmFSQUljQUt2WHg1K1dHdnovMGZWZmxUVzVpTjBcbjVTVW5JVEZTYmtJTXErZkJROUZDUHNKTWJQOVlhU3dSczdTR1czSkx2L0FvM0hvS0RsRFdGd0dYN3R0OG9oNTRcbkdNcjRUL3NOcC9pOVdsMkZDVXpIM3N3TlROclJ2cFVLQkJnUVJCcEVQZDBiT0l5aStmVnE4VFBMWk80WWswd1Fcbmp0YkZNcExYeUF0OTdOUHFjTS8vWVZ6QmQvNDJIdVd2QWltYXJVTnFIUUtCZ1FEMDZMMzJDM0pUbEJ1YmZxNE1cbkhaZ0FpTTZuRlR4N3ZzL1YxRGdtMHJ6ekk0cFZ5OURtVVN2ajBkb1VGWU0wQTl4cmpqNjlZYTdzZ29JS1JyVHJcbml0eTM5WS9xU3o1YUd2WWhzZDZDRzBJNXIrSE9xandmUS9BbjMvUlBlcXV2U01oVytGc2N2Q1FQMWRpK3hRaDdcbkZnM0h2WWtxSFU5UUZaRlBucW9WbGlpRkN3S0JnUURzaXI2dVltTEdNOHNsRittbzYzZFoxd3dpbzFxNUg1S2RcblZ2L2o5TzhIS3IrdHRKUlEzYTdpNnlYTWlid0U4bHBmRitOMlMxaTZMODVDTXZ6R3ZJcjR6RXpFcHFnUnhaNlJcbnpiNWFuc0daUTNJK3FRWFRkQmRaN2YxN3I4NW9aZnJFeno4dWVxaEJuaGYyLzFTczBXSTRta0drMjdzTXFaWDBcbmF6YUQ0UFdldlFLQmdHQ3I0aGZWNnRuYzA0enNVeTFMSFMzUTBxbVhNMW14TnY2emx6cVQ0cXVpc3I4dEJaZDBcbklQdjdZTGFleXp4ajdjU3kwRWNXNE9KUW5aNEt6TzFRMGREM2FFaFdUUlZxSVErcDB5Zk9OTFRxblJwampmblZcbmFsMkRCRCsvTHpld1pnd1dXbmljTnl2ZEFJSkU2aFVUM25xaWNSc2ptS1FHNzJYYlBrM3BDTE9EQW9HQVV0OTFcbldRRnRXOFd2cWFwTUdmdU5VRE9Rczk0Sm5neGF3TGRIWmVWZGpXUkR6YWNUdzVVM2ZaY25JaGNyZ1l3cmIxK2Vcbk9NYkRLbEF2Y25BTXNkQkMzRkl2bjBKSVpobVhxYnVzc25FbW9QekpYUHk0NXRHb2tNQlo2K2kzWjBvN1pwSzVcbnJ4NFlMdzBsbGtyMHJxdVpQdjJFZkM3anhOYnhpN1c0WHRJRkcvMENnWUFIUE1PQmRXaDFxVW15RUxWdElBWldcbjdJUk9IeUE2NHVLK2lQenVjTEJhZXlLUFErR0tyeWpYMVloWlJjOXAvQ01NY1hzOGRLcUdMODhzczhRM2t6Njhcbjg5emhTUDlmL3JOOHlWNUVTL2ZnWVpiOER4bHFoN0dqMUxVSXl0K2h5emFJMlFKNXNPZGFnRWNrMVI0QlA5cE9cbjdmRUhxSFRmeS9RL3V6aVZKd3NoSWc9PVxuLS0tLS1FTkQgUFJJVkFURSBLRVktLS0tLVxuIiwKICAiY2xpZW50X2VtYWlsIjogIjE5MDAwOTE0MDcxMC1jb21wdXRlQGRldmVsb3Blci5nc2VydmljZWFjY291bnQuY29tIiwKICAiY2xpZW50X2lkIjogIjExMzg5Njk3MzA4ODI0MjQwMTg4OCIsCiAgImF1dGhfdXJpIjogImh0dHBzOi8vYWNjb3VudHMuZ29vZ2xlLmNvbS9vL29hdXRoMi9hdXRoIiwKICAidG9rZW5fdXJpIjogImh0dHBzOi8vb2F1dGgyLmdvb2dsZWFwaXMuY29tL3Rva2VuIiwKICAiYXV0aF9wcm92aWRlcl94NTA5X2NlcnRfdXJsIjogImh0dHBzOi8vd3d3Lmdvb2dsZWFwaXMuY29tL29hdXRoMi92MS9jZXJ0cyIsCiAgImNsaWVudF94NTA5X2NlcnRfdXJsIjogImh0dHBzOi8vd3d3Lmdvb2dsZWFwaXMuY29tL3JvYm90L3YxL21ldGFkYXRhL3g1MDkvMTkwMDA5MTQwNzEwLWNvbXB1dGUlNDBkZXZlbG9wZXIuZ3NlcnZpY2VhY2NvdW50LmNvbSIsCiAgInVuaXZlcnNlX2RvbWFpbiI6ICJnb29nbGVhcGlzLmNvbSIKfQo=",
              "GOOGLE_GEMINI_LOCATION=us-central1",
              "GOOGLE_GEMINI_PROJECT_ID=numeric-amphora-449717-g0",
              "GOOGLE_GEMINI_SAFETY_OVERRIDE=Y",
              "GROQ_API_KEY=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",
              "MODEL_NAME=gemini-2.0-flash",
              "MODEL_SYSTEM_MESSAGE=\"\"",
              "OPENAI_API_KEY=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",
              "STABILITY_KEY=sk-aDioCZajnD2YVHrIXv9w1M4kjRGG4421mr1ZSIAOItqR6s1B"
            ],
            "exit_code": null,
            "gpus": null,
            "group_add": null,
            "healthcheck": null,
            "host": [],
            "hostname": "13d57c53ac29",
            "id": "13d57c53ac2914e223c430ddb31f80920828d52f55bf3ae573a168ff826857fe",
            "image": "sha256:9f26478fdc620dcc118f870df9c75fdafe3217cafbbb9b3cc1e2b876ee1c0b86",
            "init": false,
            "ipc_mode": "private",
            "labels": [],
            "log_driver": "json-file",
            "log_opts": null,
            "logs": false,
            "max_retry_count": 0,
            "memory": 0,
            "memory_swap": 0,
            "mounts": [],
            "must_run": true,
            "name": "aibroker",
            "network_data": [
              {
                "gateway": "172.18.0.1",
                "global_ipv6_address": "",
                "global_ipv6_prefix_length": 0,
                "ip_address": "172.18.0.6",
                "ip_prefix_length": 16,
                "ipv6_gateway": "",
                "mac_address": "52:38:86:c1:0a:91",
                "network_name": "jaysgame_network"
              }
            ],
            "network_mode": "bridge",
            "networks_advanced": [
              {
                "aliases": [],
                "ipv4_address": "",
                "ipv6_address": "",
                "name": "jaysgame_network"
              }
            ],
            "pid_mode": "",
            "ports": [],
            "privileged": false,
            "publish_all_ports": false,
            "read_only": false,
            "remove_volumes": true,
            "restart": "no",
            "rm": false,
            "runtime": "runc",
            "security_opts": [],
            "shm_size": 64,
            "start": true,
            "stdin_open": false,
            "stop_signal": "",
            "stop_timeout": 0,
            "storage_opts": null,
            "sysctls": null,
            "tmpfs": null,
            "tty": false,
            "ulimit": [],
            "upload": [],
            "user": "",
            "userns_mode": "",
            "volumes": [],
            "wait": false,
            "wait_timeout": 60,
            "working_dir": ""
          },
          "sensitive_attributes": [
            [
              {
                "type": "get_attr",
                "value": "env"
              }
            ]
          ],
          "private": "eyJzY2hlbWFfdmVyc2lvbiI6IjIifQ==",
          "dependencies": [
            "data.terraform_remote_state.droplet",
            "docker_network.jaysgame_network"
          ]
        }
      ]
    },
    {
      "mode": "managed",
      "type": "docker_container",
      "name": "airequester_container",
      "provider": "provider[\"registry.terraform.io/kreuzwerker/docker\"]",
      "instances": [
        {
          "schema_version": 2,
          "attributes": {
            "attach": false,
            "bridge": "",
            "capabilities": [],
            "cgroupns_mode": null,
            "command": [
              "python",
              "./main.py"
            ],
            "container_logs": null,
            "container_read_refresh_timeout_milliseconds": 15000,
            "cpu_set": "",
            "cpu_shares": 0,
            "destroy_grace_seconds": null,
            "devices": [],
            "dns": null,
            "dns_opts": null,
            "dns_search": null,
            "domainname": "",
            "entrypoint": [],
            "env": [
              "ANTHROPIC_API_KEY=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",
              "GAMESERVER_HOSTNAME=188.166.169.27",
              "GAMESERVER_PORT=4222",
              "GOOGLE_GEMINI_KEY=ewogICJ0eXBlIjogInNlcnZpY2VfYWNjb3VudCIsCiAgInByb2plY3RfaWQiOiAibnVtZXJpYy1hbXBob3JhLTQ0OTcxNy1nMCIsCiAgInByaXZhdGVfa2V5X2lkIjogImYyYTk3ZDNlNWVmYTUwMGQ2NThhZDg4YzJmY2ExNGRkMGE2ZmYwMjAiLAogICJwcml2YXRlX2tleSI6ICItLS0tLUJFR0lOIFBSSVZBVEUgS0VZLS0tLS1cbk1JSUV2QUlCQURBTkJna3Foa2lHOXcwQkFRRUZBQVNDQktZd2dnU2lBZ0VBQW9JQkFRRGlTMHNBeW56aDFyRTdcblM0cFFoYk9CdHIxNlZ1Vm92RmdOZi9LWi91OHNCM2lSc2FtN3ZUeGM0bElCZ0QrbDB1SGFYbitwbk51U1huUW1cbnNxYUkzSTNMZW1RdE5wbHI4NjFmb2NMcjMrUnhQOEhrS21NcXQ2T2txb3dnSS9qajhEU1ROa1NKbU1mbmp6Zm5cbmFEMzdJZCtpQ05yTElYQTI3Y242MCs1dDVuTnYwenMyaGtkOTNqa1lIVEcyS3Q3VHpoRkRsZ0RyNnVGRGsvby9cbmlTUVRkbmdoMTUwUlpZYkx5ekJNdFhneTBWWElyUHJXL1N1NEVyekxvN3pzL1ZRSGhVUTR5SHIwQzFUYWYvUnFcbkh2R3p4bGFrdEVlSkErd0poM1o3UkZJNG9uNTVTS2oyUis1cW1FbDB6R0FjTG1MT1ZZY3E0QmpmRUU5TjlObU9cbmRHN1JqZ01mQWdNQkFBRUNnZ0VBT1BDK0lpaFJUUmhUQnpzR1JpV21XZlRMNzUwdTQzQkU3YnlzcEVBb0dWbVZcbjVuOGdXT3VRWlVUVFlxcE5HYUliRDNIb3lKcCtDM0gxNHdqZjY1OG5sTFFxd2MrendoeVNHdmFlai9DSjBFODlcbkwvYlVkaHE0TkFadjlPUm9TNTZVOUJmYkhnNVIrcnVvVXZPQmFSQUljQUt2WHg1K1dHdnovMGZWZmxUVzVpTjBcbjVTVW5JVEZTYmtJTXErZkJROUZDUHNKTWJQOVlhU3dSczdTR1czSkx2L0FvM0hvS0RsRFdGd0dYN3R0OG9oNTRcbkdNcjRUL3NOcC9pOVdsMkZDVXpIM3N3TlROclJ2cFVLQkJnUVJCcEVQZDBiT0l5aStmVnE4VFBMWk80WWswd1Fcbmp0YkZNcExYeUF0OTdOUHFjTS8vWVZ6QmQvNDJIdVd2QWltYXJVTnFIUUtCZ1FEMDZMMzJDM0pUbEJ1YmZxNE1cbkhaZ0FpTTZuRlR4N3ZzL1YxRGdtMHJ6ekk0cFZ5OURtVVN2ajBkb1VGWU0wQTl4cmpqNjlZYTdzZ29JS1JyVHJcbml0eTM5WS9xU3o1YUd2WWhzZDZDRzBJNXIrSE9xandmUS9BbjMvUlBlcXV2U01oVytGc2N2Q1FQMWRpK3hRaDdcbkZnM0h2WWtxSFU5UUZaRlBucW9WbGlpRkN3S0JnUURzaXI2dVltTEdNOHNsRittbzYzZFoxd3dpbzFxNUg1S2RcblZ2L2o5TzhIS3IrdHRKUlEzYTdpNnlYTWlid0U4bHBmRitOMlMxaTZMODVDTXZ6R3ZJcjR6RXpFcHFnUnhaNlJcbnpiNWFuc0daUTNJK3FRWFRkQmRaN2YxN3I4NW9aZnJFeno4dWVxaEJuaGYyLzFTczBXSTRta0drMjdzTXFaWDBcbmF6YUQ0UFdldlFLQmdHQ3I0aGZWNnRuYzA0enNVeTFMSFMzUTBxbVhNMW14TnY2emx6cVQ0cXVpc3I4dEJaZDBcbklQdjdZTGFleXp4ajdjU3kwRWNXNE9KUW5aNEt6TzFRMGREM2FFaFdUUlZxSVErcDB5Zk9OTFRxblJwampmblZcbmFsMkRCRCsvTHpld1pnd1dXbmljTnl2ZEFJSkU2aFVUM25xaWNSc2ptS1FHNzJYYlBrM3BDTE9EQW9HQVV0OTFcbldRRnRXOFd2cWFwTUdmdU5VRE9Rczk0Sm5neGF3TGRIWmVWZGpXUkR6YWNUdzVVM2ZaY25JaGNyZ1l3cmIxK2Vcbk9NYkRLbEF2Y25BTXNkQkMzRkl2bjBKSVpobVhxYnVzc25FbW9QekpYUHk0NXRHb2tNQlo2K2kzWjBvN1pwSzVcbnJ4NFlMdzBsbGtyMHJxdVpQdjJFZkM3anhOYnhpN1c0WHRJRkcvMENnWUFIUE1PQmRXaDFxVW15RUxWdElBWldcbjdJUk9IeUE2NHVLK2lQenVjTEJhZXlLUFErR0tyeWpYMVloWlJjOXAvQ01NY1hzOGRLcUdMODhzczhRM2t6Njhcbjg5emhTUDlmL3JOOHlWNUVTL2ZnWVpiOER4bHFoN0dqMUxVSXl0K2h5emFJMlFKNXNPZGFnRWNrMVI0QlA5cE9cbjdmRUhxSFRmeS9RL3V6aVZKd3NoSWc9PVxuLS0tLS1FTkQgUFJJVkFURSBLRVktLS0tLVxuIiwKICAiY2xpZW50X2VtYWlsIjogIjE5MDAwOTE0MDcxMC1jb21wdXRlQGRldmVsb3Blci5nc2VydmljZWFjY291bnQuY29tIiwKICAiY2xpZW50X2lkIjogIjExMzg5Njk3MzA4ODI0MjQwMTg4OCIsCiAgImF1dGhfdXJpIjogImh0dHBzOi8vYWNjb3VudHMuZ29vZ2xlLmNvbS9vL29hdXRoMi9hdXRoIiwKICAidG9rZW5fdXJpIjogImh0dHBzOi8vb2F1dGgyLmdvb2dsZWFwaXMuY29tL3Rva2VuIiwKICAiYXV0aF9wcm92aWRlcl94NTA5X2NlcnRfdXJsIjogImh0dHBzOi8vd3d3Lmdvb2dsZWFwaXMuY29tL29hdXRoMi92MS9jZXJ0cyIsCiAgImNsaWVudF94NTA5X2NlcnRfdXJsIjogImh0dHBzOi8vd3d3Lmdvb2dsZWFwaXMuY29tL3JvYm90L3YxL21ldGFkYXRhL3g1MDkvMTkwMDA5MTQwNzEwLWNvbXB1dGUlNDBkZXZlbG9wZXIuZ3NlcnZpY2VhY2NvdW50LmNvbSIsCiAgInVuaXZlcnNlX2RvbWFpbiI6ICJnb29nbGVhcGlzLmNvbSIKfQo=",
              "GOOGLE_GEMINI_LOCATION=us-central1",
              "GOOGLE_GEMINI_PROJECT_ID=numeric-amphora-449717-g0",
              "GOOGLE_GEMINI_SAFETY_OVERRIDE=Y",
              "GROQ_API_KEY=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",
              "MODEL_NAME=gpt-4o-mini",
              "MODEL_SYSTEM_MESSAGE=\"\"",
              "OPENAI_API_KEY=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"
            ],
            "exit_code": null,
            "gpus": null,
            "group_add": null,
            "healthcheck": null,
            "host": [],
            "hostname": "a35c098d5e41",
            "id": "a35c098d5e419d1659ec7a43705a3591309633f769876530f070b958ab4e9a06",
            "image": "sha256:1a2eded82bbc047a8dc37c0b636521cb9b0c3203e0684c7b93ba60607fe0d1e5",
            "init": false,
            "ipc_mode": "private",
            "labels": [],
            "log_driver": "json-file",
            "log_opts": null,
            "logs": false,
            "max_retry_count": 0,
            "memory": 0,
            "memory_swap": 0,
            "mounts": [],
            "must_run": true,
            "name": "airequester",
            "network_data": [
              {
                "gateway": "172.18.0.1",
                "global_ipv6_address": "",
                "global_ipv6_prefix_length": 0,
                "ip_address": "172.18.0.4",
                "ip_prefix_length": 16,
                "ipv6_gateway": "",
                "mac_address": "da:9d:ca:95:20:66",
                "network_name": "jaysgame_network"
              }
            ],
            "network_mode": "bridge",
            "networks_advanced": [
              {
                "aliases": [],
                "ipv4_address": "",
                "ipv6_address": "",
                "name": "jaysgame_network"
              }
            ],
            "pid_mode": "",
            "ports": [],
            "privileged": false,
            "publish_all_ports": false,
            "read_only": false,
            "remove_volumes": true,
            "restart": "no",
            "rm": false,
            "runtime": "runc",
            "security_opts": [],
            "shm_size": 64,
            "start": true,
            "stdin_open": false,
            "stop_signal": "",
            "stop_timeout": 0,
            "storage_opts": null,
            "sysctls": null,
            "tmpfs": null,
            "tty": false,
            "ulimit": [],
            "upload": [],
            "user": "",
            "userns_mode": "",
            "volumes": [],
            "wait": false,
            "wait_timeout": 60,
            "working_dir": ""
          },
          "sensitive_attributes": [
            [
              {
                "type": "get_attr",
                "value": "env"
              }
            ]
          ],
          "private": "eyJzY2hlbWFfdmVyc2lvbiI6IjIifQ==",
          "dependencies": [
            "data.terraform_remote_state.droplet",
            "docker_network.jaysgame_network"
          ]
        }
      ]
    },
    {
      "mode": "managed",
      "type": "docker_container",
      "name": "gameclient_container",
      "provider": "provider[\"registry.terraform.io/kreuzwerker/docker\"]",
      "instances": [
        {
          "schema_version": 2,
          "attributes": {
            "attach": false,
            "bridge": "",
            "capabilities": [],
            "cgroupns_mode": null,
            "command": [
              "node",
              "server.js"
            ],
            "container_logs": null,
            "container_read_refresh_timeout_milliseconds": 15000,
            "cpu_set": "",
            "cpu_shares": 0,
            "destroy_grace_seconds": null,
            "devices": [],
            "dns": null,
            "dns_opts": null,
            "dns_search": null,
            "domainname": "",
            "entrypoint": [
              "docker-entrypoint.sh"
            ],
            "env": [],
            "exit_code": null,
            "gpus": null,
            "group_add": null,
            "healthcheck": null,
            "host": [],
            "hostname": "d511782dc5e7",
            "id": "d511782dc5e7452529bb6ca48a506c7568d85ff7b0bc51caf3e0831ef924dcad",
            "image": "sha256:bcd11d1655f4e03cbd7de4ac9013ac97aa0e422a35a2e543a1721c0b606531a1",
            "init": false,
            "ipc_mode": "private",
            "labels": [],
            "log_driver": "json-file",
            "log_opts": null,
            "logs": false,
            "max_retry_count": 0,
            "memory": 0,
            "memory_swap": 0,
            "mounts": [],
            "must_run": true,
            "name": "gameclient",
            "network_data": [
              {
                "gateway": "172.18.0.1",
                "global_ipv6_address": "",
                "global_ipv6_prefix_length": 0,
                "ip_address": "172.18.0.3",
                "ip_prefix_length": 16,
                "ipv6_gateway": "",
                "mac_address": "82:cb:9a:fc:62:85",
                "network_name": "jaysgame_network"
              }
            ],
            "network_mode": "bridge",
            "networks_advanced": [
              {
                "aliases": [],
                "ipv4_address": "",
                "ipv6_address": "",
                "name": "jaysgame_network"
              }
            ],
            "pid_mode": "",
            "ports": [
              {
                "external": 3000,
                "internal": 3000,
                "ip": "0.0.0.0",
                "protocol": "tcp"
              }
            ],
            "privileged": false,
            "publish_all_ports": false,
            "read_only": false,
            "remove_volumes": true,
            "restart": "no",
            "rm": false,
            "runtime": "runc",
            "security_opts": [],
            "shm_size": 64,
            "start": true,
            "stdin_open": false,
            "stop_signal": "",
            "stop_timeout": 0,
            "storage_opts": null,
            "sysctls": null,
            "tmpfs": null,
            "tty": false,
            "ulimit": [],
            "upload": [],
            "user": "nextjs",
            "userns_mode": "",
            "volumes": [],
            "wait": false,
            "wait_timeout": 60,
            "working_dir": "/app"
          },
          "sensitive_attributes": [],
          "private": "eyJzY2hlbWFfdmVyc2lvbiI6IjIifQ==",
          "dependencies": [
            "data.terraform_remote_state.droplet",
            "docker_network.jaysgame_network"
          ]
        }
      ]
    },
    {
      "mode": "managed",
      "type": "docker_container",
      "name": "gameserver_container",
      "provider": "provider[\"registry.terraform.io/kreuzwerker/docker\"]",
      "instances": [
        {
          "schema_version": 2,
          "attributes": {
            "attach": false,
            "bridge": "",
            "capabilities": [],
            "cgroupns_mode": null,
            "command": [
              "python",
              "./main.py"
            ],
            "container_logs": null,
            "container_read_refresh_timeout_milliseconds": 15000,
            "cpu_set": "",
            "cpu_shares": 0,
            "destroy_grace_seconds": null,
            "devices": [],
            "dns": null,
            "dns_opts": null,
            "dns_search": null,
            "domainname": "",
            "entrypoint": [],
            "env": [
              "ANTHROPIC_API_KEY=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",
              "AZURE_STORAGE_ACCOUNT_KEY=mud3sElKaPr1ZECOrDH6+Mq/FgvBNxa/qQ8Y3pHkQ4aHcxiP+yEWTfQbOQqhdtJWXo3IKLT6gH+N+ASttreWUw==",
              "AZURE_STORAGE_ACCOUNT_NAME=csb10033fff9f716c2d",
              "GAMESERVER_HOSTNAME=188.166.169.27",
              "GAMESERVER_PORT=4222",
              "GAMESERVER_WORLD_NAME=jaysgame",
              "GOOGLE_GEMINI_KEY=ewogICJ0eXBlIjogInNlcnZpY2VfYWNjb3VudCIsCiAgInByb2plY3RfaWQiOiAibnVtZXJpYy1hbXBob3JhLTQ0OTcxNy1nMCIsCiAgInByaXZhdGVfa2V5X2lkIjogImYyYTk3ZDNlNWVmYTUwMGQ2NThhZDg4YzJmY2ExNGRkMGE2ZmYwMjAiLAogICJwcml2YXRlX2tleSI6ICItLS0tLUJFR0lOIFBSSVZBVEUgS0VZLS0tLS1cbk1JSUV2QUlCQURBTkJna3Foa2lHOXcwQkFRRUZBQVNDQktZd2dnU2lBZ0VBQW9JQkFRRGlTMHNBeW56aDFyRTdcblM0cFFoYk9CdHIxNlZ1Vm92RmdOZi9LWi91OHNCM2lSc2FtN3ZUeGM0bElCZ0QrbDB1SGFYbitwbk51U1huUW1cbnNxYUkzSTNMZW1RdE5wbHI4NjFmb2NMcjMrUnhQOEhrS21NcXQ2T2txb3dnSS9qajhEU1ROa1NKbU1mbmp6Zm5cbmFEMzdJZCtpQ05yTElYQTI3Y242MCs1dDVuTnYwenMyaGtkOTNqa1lIVEcyS3Q3VHpoRkRsZ0RyNnVGRGsvby9cbmlTUVRkbmdoMTUwUlpZYkx5ekJNdFhneTBWWElyUHJXL1N1NEVyekxvN3pzL1ZRSGhVUTR5SHIwQzFUYWYvUnFcbkh2R3p4bGFrdEVlSkErd0poM1o3UkZJNG9uNTVTS2oyUis1cW1FbDB6R0FjTG1MT1ZZY3E0QmpmRUU5TjlObU9cbmRHN1JqZ01mQWdNQkFBRUNnZ0VBT1BDK0lpaFJUUmhUQnpzR1JpV21XZlRMNzUwdTQzQkU3YnlzcEVBb0dWbVZcbjVuOGdXT3VRWlVUVFlxcE5HYUliRDNIb3lKcCtDM0gxNHdqZjY1OG5sTFFxd2MrendoeVNHdmFlai9DSjBFODlcbkwvYlVkaHE0TkFadjlPUm9TNTZVOUJmYkhnNVIrcnVvVXZPQmFSQUljQUt2WHg1K1dHdnovMGZWZmxUVzVpTjBcbjVTVW5JVEZTYmtJTXErZkJROUZDUHNKTWJQOVlhU3dSczdTR1czSkx2L0FvM0hvS0RsRFdGd0dYN3R0OG9oNTRcbkdNcjRUL3NOcC9pOVdsMkZDVXpIM3N3TlROclJ2cFVLQkJnUVJCcEVQZDBiT0l5aStmVnE4VFBMWk80WWswd1Fcbmp0YkZNcExYeUF0OTdOUHFjTS8vWVZ6QmQvNDJIdVd2QWltYXJVTnFIUUtCZ1FEMDZMMzJDM0pUbEJ1YmZxNE1cbkhaZ0FpTTZuRlR4N3ZzL1YxRGdtMHJ6ekk0cFZ5OURtVVN2ajBkb1VGWU0wQTl4cmpqNjlZYTdzZ29JS1JyVHJcbml0eTM5WS9xU3o1YUd2WWhzZDZDRzBJNXIrSE9xandmUS9BbjMvUlBlcXV2U01oVytGc2N2Q1FQMWRpK3hRaDdcbkZnM0h2WWtxSFU5UUZaRlBucW9WbGlpRkN3S0JnUURzaXI2dVltTEdNOHNsRittbzYzZFoxd3dpbzFxNUg1S2RcblZ2L2o5TzhIS3IrdHRKUlEzYTdpNnlYTWlid0U4bHBmRitOMlMxaTZMODVDTXZ6R3ZJcjR6RXpFcHFnUnhaNlJcbnpiNWFuc0daUTNJK3FRWFRkQmRaN2YxN3I4NW9aZnJFeno4dWVxaEJuaGYyLzFTczBXSTRta0drMjdzTXFaWDBcbmF6YUQ0UFdldlFLQmdHQ3I0aGZWNnRuYzA0enNVeTFMSFMzUTBxbVhNMW14TnY2emx6cVQ0cXVpc3I4dEJaZDBcbklQdjdZTGFleXp4ajdjU3kwRWNXNE9KUW5aNEt6TzFRMGREM2FFaFdUUlZxSVErcDB5Zk9OTFRxblJwampmblZcbmFsMkRCRCsvTHpld1pnd1dXbmljTnl2ZEFJSkU2aFVUM25xaWNSc2ptS1FHNzJYYlBrM3BDTE9EQW9HQVV0OTFcbldRRnRXOFd2cWFwTUdmdU5VRE9Rczk0Sm5neGF3TGRIWmVWZGpXUkR6YWNUdzVVM2ZaY25JaGNyZ1l3cmIxK2Vcbk9NYkRLbEF2Y25BTXNkQkMzRkl2bjBKSVpobVhxYnVzc25FbW9QekpYUHk0NXRHb2tNQlo2K2kzWjBvN1pwSzVcbnJ4NFlMdzBsbGtyMHJxdVpQdjJFZkM3anhOYnhpN1c0WHRJRkcvMENnWUFIUE1PQmRXaDFxVW15RUxWdElBWldcbjdJUk9IeUE2NHVLK2lQenVjTEJhZXlLUFErR0tyeWpYMVloWlJjOXAvQ01NY1hzOGRLcUdMODhzczhRM2t6Njhcbjg5emhTUDlmL3JOOHlWNUVTL2ZnWVpiOER4bHFoN0dqMUxVSXl0K2h5emFJMlFKNXNPZGFnRWNrMVI0QlA5cE9cbjdmRUhxSFRmeS9RL3V6aVZKd3NoSWc9PVxuLS0tLS1FTkQgUFJJVkFURSBLRVktLS0tLVxuIiwKICAiY2xpZW50X2VtYWlsIjogIjE5MDAwOTE0MDcxMC1jb21wdXRlQGRldmVsb3Blci5nc2VydmljZWFjY291bnQuY29tIiwKICAiY2xpZW50X2lkIjogIjExMzg5Njk3MzA4ODI0MjQwMTg4OCIsCiAgImF1dGhfdXJpIjogImh0dHBzOi8vYWNjb3VudHMuZ29vZ2xlLmNvbS9vL29hdXRoMi9hdXRoIiwKICAidG9rZW5fdXJpIjogImh0dHBzOi8vb2F1dGgyLmdvb2dsZWFwaXMuY29tL3Rva2VuIiwKICAiYXV0aF9wcm92aWRlcl94NTA5X2NlcnRfdXJsIjogImh0dHBzOi8vd3d3Lmdvb2dsZWFwaXMuY29tL29hdXRoMi92MS9jZXJ0cyIsCiAgImNsaWVudF94NTA5X2NlcnRfdXJsIjogImh0dHBzOi8vd3d3Lmdvb2dsZWFwaXMuY29tL3JvYm90L3YxL21ldGFkYXRhL3g1MDkvMTkwMDA5MTQwNzEwLWNvbXB1dGUlNDBkZXZlbG9wZXIuZ3NlcnZpY2VhY2NvdW50LmNvbSIsCiAgInVuaXZlcnNlX2RvbWFpbiI6ICJnb29nbGVhcGlzLmNvbSIKfQo=",
              "GOOGLE_GEMINI_LOCATION=us-central1",
              "GOOGLE_GEMINI_PROJECT_ID=numeric-amphora-449717-g0",
              "GOOGLE_GEMINI_SAFETY_OVERRIDE=Y",
              "GROQ_API_KEY=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",
              "IMAGESERVER_HOSTNAME=188.166.169.27",
              "IMAGESERVER_PORT=3002",
              "MODEL_NAME=gemini-2.0-flash",
              "OPENAI_API_KEY=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",
              "STABILITY_KEY=sk-aDioCZajnD2YVHrIXv9w1M4kjRGG4421mr1ZSIAOItqR6s1B"
            ],
            "exit_code": null,
            "gpus": null,
            "group_add": null,
            "healthcheck": null,
            "host": [],
            "hostname": "729d5332c9c8",
            "id": "729d5332c9c8dfd1139f9ae0351af6844fbb94168c9f2083739fa0f6b9f29637",
            "image": "sha256:6526cd87b51aa6b17689ea387ca546e14a965a9eacd520a6a8d42d9bbaea94c9",
            "init": false,
            "ipc_mode": "private",
            "labels": [],
            "log_driver": "json-file",
            "log_opts": null,
            "logs": false,
            "max_retry_count": 0,
            "memory": 0,
            "memory_swap": 0,
            "mounts": [],
            "must_run": true,
            "name": "gameserver",
            "network_data": [
              {
                "gateway": "172.18.0.1",
                "global_ipv6_address": "",
                "global_ipv6_prefix_length": 0,
                "ip_address": "172.18.0.5",
                "ip_prefix_length": 16,
                "ipv6_gateway": "",
                "mac_address": "62:c7:e3:7a:69:a7",
                "network_name": "jaysgame_network"
              }
            ],
            "network_mode": "bridge",
            "networks_advanced": [
              {
                "aliases": [],
                "ipv4_address": "",
                "ipv6_address": "",
                "name": "jaysgame_network"
              }
            ],
            "pid_mode": "",
            "ports": [],
            "privileged": false,
            "publish_all_ports": false,
            "read_only": false,
            "remove_volumes": true,
            "restart": "no",
            "rm": false,
            "runtime": "runc",
            "security_opts": [],
            "shm_size": 64,
            "start": true,
            "stdin_open": false,
            "stop_signal": "",
            "stop_timeout": 0,
            "storage_opts": null,
            "sysctls": null,
            "tmpfs": null,
            "tty": false,
            "ulimit": [],
            "upload": [],
            "user": "",
            "userns_mode": "",
            "volumes": [],
            "wait": false,
            "wait_timeout": 60,
            "working_dir": ""
          },
          "sensitive_attributes": [
            [
              {
                "type": "get_attr",
                "value": "env"
              }
            ]
          ],
          "private": "eyJzY2hlbWFfdmVyc2lvbiI6IjIifQ==",
          "dependencies": [
            "data.terraform_remote_state.droplet",
            "docker_network.jaysgame_network"
          ]
        }
      ]
    },
    {
      "mode": "managed",
      "type": "docker_container",
      "name": "imagecreator_container",
      "provider": "provider[\"registry.terraform.io/kreuzwerker/docker\"]",
      "instances": [
        {
          "schema_version": 2,
          "attributes": {
            "attach": false,
            "bridge": "",
            "capabilities": [],
            "cgroupns_mode": null,
            "command": [
              "python",
              "./main.py"
            ],
            "container_logs": null,
            "container_read_refresh_timeout_milliseconds": 15000,
            "cpu_set": "",
            "cpu_shares": 0,
            "destroy_grace_seconds": null,
            "devices": [],
            "dns": null,
            "dns_opts": null,
            "dns_search": null,
            "domainname": "",
            "entrypoint": [],
            "env": [
              "AZURE_STORAGE_ACCOUNT_KEY=mud3sElKaPr1ZECOrDH6+Mq/FgvBNxa/qQ8Y3pHkQ4aHcxiP+yEWTfQbOQqhdtJWXo3IKLT6gH+N+ASttreWUw==",
              "AZURE_STORAGE_ACCOUNT_NAME=csb10033fff9f716c2d",
              "GAMESERVER_HOSTNAME=188.166.169.27",
              "GAMESERVER_PORT=4222",
              "GOOGLE_GEMINI_KEY=ewogICJ0eXBlIjogInNlcnZpY2VfYWNjb3VudCIsCiAgInByb2plY3RfaWQiOiAibnVtZXJpYy1hbXBob3JhLTQ0OTcxNy1nMCIsCiAgInByaXZhdGVfa2V5X2lkIjogImYyYTk3ZDNlNWVmYTUwMGQ2NThhZDg4YzJmY2ExNGRkMGE2ZmYwMjAiLAogICJwcml2YXRlX2tleSI6ICItLS0tLUJFR0lOIFBSSVZBVEUgS0VZLS0tLS1cbk1JSUV2QUlCQURBTkJna3Foa2lHOXcwQkFRRUZBQVNDQktZd2dnU2lBZ0VBQW9JQkFRRGlTMHNBeW56aDFyRTdcblM0cFFoYk9CdHIxNlZ1Vm92RmdOZi9LWi91OHNCM2lSc2FtN3ZUeGM0bElCZ0QrbDB1SGFYbitwbk51U1huUW1cbnNxYUkzSTNMZW1RdE5wbHI4NjFmb2NMcjMrUnhQOEhrS21NcXQ2T2txb3dnSS9qajhEU1ROa1NKbU1mbmp6Zm5cbmFEMzdJZCtpQ05yTElYQTI3Y242MCs1dDVuTnYwenMyaGtkOTNqa1lIVEcyS3Q3VHpoRkRsZ0RyNnVGRGsvby9cbmlTUVRkbmdoMTUwUlpZYkx5ekJNdFhneTBWWElyUHJXL1N1NEVyekxvN3pzL1ZRSGhVUTR5SHIwQzFUYWYvUnFcbkh2R3p4bGFrdEVlSkErd0poM1o3UkZJNG9uNTVTS2oyUis1cW1FbDB6R0FjTG1MT1ZZY3E0QmpmRUU5TjlObU9cbmRHN1JqZ01mQWdNQkFBRUNnZ0VBT1BDK0lpaFJUUmhUQnpzR1JpV21XZlRMNzUwdTQzQkU3YnlzcEVBb0dWbVZcbjVuOGdXT3VRWlVUVFlxcE5HYUliRDNIb3lKcCtDM0gxNHdqZjY1OG5sTFFxd2MrendoeVNHdmFlai9DSjBFODlcbkwvYlVkaHE0TkFadjlPUm9TNTZVOUJmYkhnNVIrcnVvVXZPQmFSQUljQUt2WHg1K1dHdnovMGZWZmxUVzVpTjBcbjVTVW5JVEZTYmtJTXErZkJROUZDUHNKTWJQOVlhU3dSczdTR1czSkx2L0FvM0hvS0RsRFdGd0dYN3R0OG9oNTRcbkdNcjRUL3NOcC9pOVdsMkZDVXpIM3N3TlROclJ2cFVLQkJnUVJCcEVQZDBiT0l5aStmVnE4VFBMWk80WWswd1Fcbmp0YkZNcExYeUF0OTdOUHFjTS8vWVZ6QmQvNDJIdVd2QWltYXJVTnFIUUtCZ1FEMDZMMzJDM0pUbEJ1YmZxNE1cbkhaZ0FpTTZuRlR4N3ZzL1YxRGdtMHJ6ekk0cFZ5OURtVVN2ajBkb1VGWU0wQTl4cmpqNjlZYTdzZ29JS1JyVHJcbml0eTM5WS9xU3o1YUd2WWhzZDZDRzBJNXIrSE9xandmUS9BbjMvUlBlcXV2U01oVytGc2N2Q1FQMWRpK3hRaDdcbkZnM0h2WWtxSFU5UUZaRlBucW9WbGlpRkN3S0JnUURzaXI2dVltTEdNOHNsRittbzYzZFoxd3dpbzFxNUg1S2RcblZ2L2o5TzhIS3IrdHRKUlEzYTdpNnlYTWlid0U4bHBmRitOMlMxaTZMODVDTXZ6R3ZJcjR6RXpFcHFnUnhaNlJcbnpiNWFuc0daUTNJK3FRWFRkQmRaN2YxN3I4NW9aZnJFeno4dWVxaEJuaGYyLzFTczBXSTRta0drMjdzTXFaWDBcbmF6YUQ0UFdldlFLQmdHQ3I0aGZWNnRuYzA0enNVeTFMSFMzUTBxbVhNMW14TnY2emx6cVQ0cXVpc3I4dEJaZDBcbklQdjdZTGFleXp4ajdjU3kwRWNXNE9KUW5aNEt6TzFRMGREM2FFaFdUUlZxSVErcDB5Zk9OTFRxblJwampmblZcbmFsMkRCRCsvTHpld1pnd1dXbmljTnl2ZEFJSkU2aFVUM25xaWNSc2ptS1FHNzJYYlBrM3BDTE9EQW9HQVV0OTFcbldRRnRXOFd2cWFwTUdmdU5VRE9Rczk0Sm5neGF3TGRIWmVWZGpXUkR6YWNUdzVVM2ZaY25JaGNyZ1l3cmIxK2Vcbk9NYkRLbEF2Y25BTXNkQkMzRkl2bjBKSVpobVhxYnVzc25FbW9QekpYUHk0NXRHb2tNQlo2K2kzWjBvN1pwSzVcbnJ4NFlMdzBsbGtyMHJxdVpQdjJFZkM3anhOYnhpN1c0WHRJRkcvMENnWUFIUE1PQmRXaDFxVW15RUxWdElBWldcbjdJUk9IeUE2NHVLK2lQenVjTEJhZXlLUFErR0tyeWpYMVloWlJjOXAvQ01NY1hzOGRLcUdMODhzczhRM2t6Njhcbjg5emhTUDlmL3JOOHlWNUVTL2ZnWVpiOER4bHFoN0dqMUxVSXl0K2h5emFJMlFKNXNPZGFnRWNrMVI0QlA5cE9cbjdmRUhxSFRmeS9RL3V6aVZKd3NoSWc9PVxuLS0tLS1FTkQgUFJJVkFURSBLRVktLS0tLVxuIiwKICAiY2xpZW50X2VtYWlsIjogIjE5MDAwOTE0MDcxMC1jb21wdXRlQGRldmVsb3Blci5nc2VydmljZWFjY291bnQuY29tIiwKICAiY2xpZW50X2lkIjogIjExMzg5Njk3MzA4ODI0MjQwMTg4OCIsCiAgImF1dGhfdXJpIjogImh0dHBzOi8vYWNjb3VudHMuZ29vZ2xlLmNvbS9vL29hdXRoMi9hdXRoIiwKICAidG9rZW5fdXJpIjogImh0dHBzOi8vb2F1dGgyLmdvb2dsZWFwaXMuY29tL3Rva2VuIiwKICAiYXV0aF9wcm92aWRlcl94NTA5X2NlcnRfdXJsIjogImh0dHBzOi8vd3d3Lmdvb2dsZWFwaXMuY29tL29hdXRoMi92MS9jZXJ0cyIsCiAgImNsaWVudF94NTA5X2NlcnRfdXJsIjogImh0dHBzOi8vd3d3Lmdvb2dsZWFwaXMuY29tL3JvYm90L3YxL21ldGFkYXRhL3g1MDkvMTkwMDA5MTQwNzEwLWNvbXB1dGUlNDBkZXZlbG9wZXIuZ3NlcnZpY2VhY2NvdW50LmNvbSIsCiAgInVuaXZlcnNlX2RvbWFpbiI6ICJnb29nbGVhcGlzLmNvbSIKfQo=",
              "GOOGLE_GEMINI_LOCATION=us-central1",
              "GOOGLE_GEMINI_PROJECT_ID=numeric-amphora-449717-g0",
              "GOOGLE_GEMINI_SAFETY_OVERRIDE=Y",
              "IMAGE_MODEL_NAME=imagen-3.0-generate-001",
              "OPENAI_API_KEY=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",
              "STABILITY_KEY=sk-aDioCZajnD2YVHrIXv9w1M4kjRGG4421mr1ZSIAOItqR6s1B"
            ],
            "exit_code": null,
            "gpus": null,
            "group_add": null,
            "healthcheck": null,
            "host": [],
            "hostname": "a3e504f740f7",
            "id": "a3e504f740f7efd6519c8fd954019b3b85c16576e2c1593334016e0c4d6927f7",
            "image": "sha256:c1b81e332cdf0fa6414ce014a57a36cf43a05d114507b9ae6dfb97a8571bba10",
            "init": false,
            "ipc_mode": "private",
            "labels": [],
            "log_driver": "json-file",
            "log_opts": null,
            "logs": false,
            "max_retry_count": 0,
            "memory": 0,
            "memory_swap": 0,
            "mounts": [],
            "must_run": true,
            "name": "imagecreator",
            "network_data": [
              {
                "gateway": "172.18.0.1",
                "global_ipv6_address": "",
                "global_ipv6_prefix_length": 0,
                "ip_address": "172.18.0.7",
                "ip_prefix_length": 16,
                "ipv6_gateway": "",
                "mac_address": "26:8b:ef:ca:e3:68",
                "network_name": "jaysgame_network"
              }
            ],
            "network_mode": "bridge",
            "networks_advanced": [
              {
                "aliases": [],
                "ipv4_address": "",
                "ipv6_address": "",
                "name": "jaysgame_network"
              }
            ],
            "pid_mode": "",
            "ports": [],
            "privileged": false,
            "publish_all_ports": false,
            "read_only": false,
            "remove_volumes": true,
            "restart": "no",
            "rm": false,
            "runtime": "runc",
            "security_opts": [],
            "shm_size": 64,
            "start": true,
            "stdin_open": false,
            "stop_signal": "",
            "stop_timeout": 0,
            "storage_opts": null,
            "sysctls": null,
            "tmpfs": null,
            "tty": false,
            "ulimit": [],
            "upload": [],
            "user": "",
            "userns_mode": "",
            "volumes": [],
            "wait": false,
            "wait_timeout": 60,
            "working_dir": ""
          },
          "sensitive_attributes": [
            [
              {
                "type": "get_attr",
                "value": "env"
              }
            ]
          ],
          "private": "eyJzY2hlbWFfdmVyc2lvbiI6IjIifQ==",
          "dependencies": [
            "data.terraform_remote_state.droplet",
            "docker_network.jaysgame_network"
          ]
        }
      ]
    },
    {
      "mode": "managed",
      "type": "docker_container",
      "name": "imageserver_container",
      "provider": "provider[\"registry.terraform.io/kreuzwerker/docker\"]",
      "instances": [
        {
          "schema_version": 2,
          "attributes": {
            "attach": false,
            "bridge": "",
            "capabilities": [],
            "cgroupns_mode": null,
            "command": [
              "python",
              "./main.py"
            ],
            "container_logs": null,
            "container_read_refresh_timeout_milliseconds": 15000,
            "cpu_set": "",
            "cpu_shares": 0,
            "destroy_grace_seconds": null,
            "devices": [],
            "dns": null,
            "dns_opts": null,
            "dns_search": null,
            "domainname": "",
            "entrypoint": [],
            "env": [
              "AZURE_STORAGE_ACCOUNT_KEY=mud3sElKaPr1ZECOrDH6+Mq/FgvBNxa/qQ8Y3pHkQ4aHcxiP+yEWTfQbOQqhdtJWXo3IKLT6gH+N+ASttreWUw==",
              "AZURE_STORAGE_ACCOUNT_NAME=csb10033fff9f716c2d",
              "IMAGESERVER_HOSTNAME=188.166.169.27",
              "IMAGESERVER_PORT=3002"
            ],
            "exit_code": null,
            "gpus": null,
            "group_add": null,
            "healthcheck": null,
            "host": [],
            "hostname": "5c4177c51f1c",
            "id": "5c4177c51f1c622cc2334558415f924559d3b44094189ffaa541762d313d0188",
            "image": "sha256:5ad1a58dd2fd0f98f5223eb32556c0368fffb1fd677b9786211bdc8f0341ea62",
            "init": false,
            "ipc_mode": "private",
            "labels": [],
            "log_driver": "json-file",
            "log_opts": null,
            "logs": false,
            "max_retry_count": 0,
            "memory": 0,
            "memory_swap": 0,
            "mounts": [],
            "must_run": true,
            "name": "imageserver",
            "network_data": [
              {
                "gateway": "172.18.0.1",
                "global_ipv6_address": "",
                "global_ipv6_prefix_length": 0,
                "ip_address": "172.18.0.8",
                "ip_prefix_length": 16,
                "ipv6_gateway": "",
                "mac_address": "82:04:4c:de:2b:61",
                "network_name": "jaysgame_network"
              }
            ],
            "network_mode": "bridge",
            "networks_advanced": [
              {
                "aliases": [],
                "ipv4_address": "",
                "ipv6_address": "",
                "name": "jaysgame_network"
              }
            ],
            "pid_mode": "",
            "ports": [
              {
                "external": 3002,
                "internal": 3002,
                "ip": "0.0.0.0",
                "protocol": "tcp"
              }
            ],
            "privileged": false,
            "publish_all_ports": false,
            "read_only": false,
            "remove_volumes": true,
            "restart": "no",
            "rm": false,
            "runtime": "runc",
            "security_opts": [],
            "shm_size": 64,
            "start": true,
            "stdin_open": false,
            "stop_signal": "",
            "stop_timeout": 0,
            "storage_opts": null,
            "sysctls": null,
            "tmpfs": null,
            "tty": false,
            "ulimit": [],
            "upload": [],
            "user": "",
            "userns_mode": "",
            "volumes": [],
            "wait": false,
            "wait_timeout": 60,
            "working_dir": ""
          },
          "sensitive_attributes": [
            [
              {
                "type": "get_attr",
                "value": "env"
              }
            ]
          ],
          "private": "eyJzY2hlbWFfdmVyc2lvbiI6IjIifQ==",
          "dependencies": [
            "data.terraform_remote_state.droplet",
            "docker_network.jaysgame_network"
          ]
        }
      ]
    },
    {
      "mode": "managed",
      "type": "docker_container",
      "name": "nats_container",
      "provider": "provider[\"registry.terraform.io/kreuzwerker/docker\"]",
      "instances": [
        {
          "schema_version": 2,
          "attributes": {
            "attach": false,
            "bridge": "",
            "capabilities": [],
            "cgroupns_mode": null,
            "command": [
              "-c",
              "/etc/nats/nats-server.conf"
            ],
            "container_logs": null,
            "container_read_refresh_timeout_milliseconds": 15000,
            "cpu_set": "",
            "cpu_shares": 0,
            "destroy_grace_seconds": null,
            "devices": [],
            "dns": null,
            "dns_opts": null,
            "dns_search": null,
            "domainname": "",
            "entrypoint": [
              "/nats-server"
            ],
            "env": [],
            "exit_code": null,
            "gpus": null,
            "group_add": null,
            "healthcheck": null,
            "host": [],
            "hostname": "b369f98b3cdc",
            "id": "b369f98b3cdc08965f185151c11d5f05371ab4cebcd88f5af0cd9a43e5f6f657",
            "image": "sha256:736726958d6b2f0e21680f7a56521500766540e90084a54a726a2672e345e95f",
            "init": false,
            "ipc_mode": "private",
            "labels": [],
            "log_driver": "json-file",
            "log_opts": null,
            "logs": false,
            "max_retry_count": 0,
            "memory": 0,
            "memory_swap": 0,
            "mounts": [],
            "must_run": true,
            "name": "nats",
            "network_data": [
              {
                "gateway": "",
                "global_ipv6_address": "",
                "global_ipv6_prefix_length": 0,
                "ip_address": "",
                "ip_prefix_length": 0,
                "ipv6_gateway": "",
                "mac_address": "",
                "network_name": "jaysgame_network"
              }
            ],
            "network_mode": "bridge",
            "networks_advanced": [
              {
                "aliases": [],
                "ipv4_address": "",
                "ipv6_address": "",
                "name": "jaysgame_network"
              }
            ],
            "pid_mode": "",
            "ports": [],
            "privileged": false,
            "publish_all_ports": false,
            "read_only": false,
            "remove_volumes": true,
            "restart": "always",
            "rm": false,
            "runtime": "runc",
            "security_opts": [],
            "shm_size": 64,
            "start": true,
            "stdin_open": false,
            "stop_signal": "",
            "stop_timeout": 0,
            "storage_opts": null,
            "sysctls": null,
            "tmpfs": null,
            "tty": false,
            "ulimit": [],
            "upload": [],
            "user": "",
            "userns_mode": "",
            "volumes": [
              {
                "container_path": "/etc/nats",
                "from_container": "",
                "host_path": "/etc/nats",
                "read_only": null,
                "volume_name": ""
              }
            ],
            "wait": false,
            "wait_timeout": 60,
            "working_dir": "/"
          },
          "sensitive_attributes": [],
          "private": "eyJzY2hlbWFfdmVyc2lvbiI6IjIifQ==",
          "dependencies": [
            "data.terraform_remote_state.droplet",
            "docker_network.jaysgame_network"
          ]
        }
      ]
    },
    {
      "mode": "managed",
      "type": "docker_container",
      "name": "playermanager_container",
      "provider": "provider[\"registry.terraform.io/kreuzwerker/docker\"]",
      "instances": [
        {
          "schema_version": 2,
          "attributes": {
            "attach": false,
            "bridge": "",
            "capabilities": [],
            "cgroupns_mode": null,
            "command": [
              "python",
              "./playermanager.py"
            ],
            "container_logs": null,
            "container_read_refresh_timeout_milliseconds": 15000,
            "cpu_set": "",
            "cpu_shares": 0,
            "destroy_grace_seconds": null,
            "devices": [],
            "dns": null,
            "dns_opts": null,
            "dns_search": null,
            "domainname": "",
            "entrypoint": [],
            "env": [
              "AI_COUNT=1",
              "ANTHROPIC_API_KEY=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",
              "GAMESERVER_HOSTNAME=188.166.169.27",
              "GAMESERVER_PORT=4222",
              "GOOGLE_GEMINI_KEY=ewogICJ0eXBlIjogInNlcnZpY2VfYWNjb3VudCIsCiAgInByb2plY3RfaWQiOiAibnVtZXJpYy1hbXBob3JhLTQ0OTcxNy1nMCIsCiAgInByaXZhdGVfa2V5X2lkIjogImYyYTk3ZDNlNWVmYTUwMGQ2NThhZDg4YzJmY2ExNGRkMGE2ZmYwMjAiLAogICJwcml2YXRlX2tleSI6ICItLS0tLUJFR0lOIFBSSVZBVEUgS0VZLS0tLS1cbk1JSUV2QUlCQURBTkJna3Foa2lHOXcwQkFRRUZBQVNDQktZd2dnU2lBZ0VBQW9JQkFRRGlTMHNBeW56aDFyRTdcblM0cFFoYk9CdHIxNlZ1Vm92RmdOZi9LWi91OHNCM2lSc2FtN3ZUeGM0bElCZ0QrbDB1SGFYbitwbk51U1huUW1cbnNxYUkzSTNMZW1RdE5wbHI4NjFmb2NMcjMrUnhQOEhrS21NcXQ2T2txb3dnSS9qajhEU1ROa1NKbU1mbmp6Zm5cbmFEMzdJZCtpQ05yTElYQTI3Y242MCs1dDVuTnYwenMyaGtkOTNqa1lIVEcyS3Q3VHpoRkRsZ0RyNnVGRGsvby9cbmlTUVRkbmdoMTUwUlpZYkx5ekJNdFhneTBWWElyUHJXL1N1NEVyekxvN3pzL1ZRSGhVUTR5SHIwQzFUYWYvUnFcbkh2R3p4bGFrdEVlSkErd0poM1o3UkZJNG9uNTVTS2oyUis1cW1FbDB6R0FjTG1MT1ZZY3E0QmpmRUU5TjlObU9cbmRHN1JqZ01mQWdNQkFBRUNnZ0VBT1BDK0lpaFJUUmhUQnpzR1JpV21XZlRMNzUwdTQzQkU3YnlzcEVBb0dWbVZcbjVuOGdXT3VRWlVUVFlxcE5HYUliRDNIb3lKcCtDM0gxNHdqZjY1OG5sTFFxd2MrendoeVNHdmFlai9DSjBFODlcbkwvYlVkaHE0TkFadjlPUm9TNTZVOUJmYkhnNVIrcnVvVXZPQmFSQUljQUt2WHg1K1dHdnovMGZWZmxUVzVpTjBcbjVTVW5JVEZTYmtJTXErZkJROUZDUHNKTWJQOVlhU3dSczdTR1czSkx2L0FvM0hvS0RsRFdGd0dYN3R0OG9oNTRcbkdNcjRUL3NOcC9pOVdsMkZDVXpIM3N3TlROclJ2cFVLQkJnUVJCcEVQZDBiT0l5aStmVnE4VFBMWk80WWswd1Fcbmp0YkZNcExYeUF0OTdOUHFjTS8vWVZ6QmQvNDJIdVd2QWltYXJVTnFIUUtCZ1FEMDZMMzJDM0pUbEJ1YmZxNE1cbkhaZ0FpTTZuRlR4N3ZzL1YxRGdtMHJ6ekk0cFZ5OURtVVN2ajBkb1VGWU0wQTl4cmpqNjlZYTdzZ29JS1JyVHJcbml0eTM5WS9xU3o1YUd2WWhzZDZDRzBJNXIrSE9xandmUS9BbjMvUlBlcXV2U01oVytGc2N2Q1FQMWRpK3hRaDdcbkZnM0h2WWtxSFU5UUZaRlBucW9WbGlpRkN3S0JnUURzaXI2dVltTEdNOHNsRittbzYzZFoxd3dpbzFxNUg1S2RcblZ2L2o5TzhIS3IrdHRKUlEzYTdpNnlYTWlid0U4bHBmRitOMlMxaTZMODVDTXZ6R3ZJcjR6RXpFcHFnUnhaNlJcbnpiNWFuc0daUTNJK3FRWFRkQmRaN2YxN3I4NW9aZnJFeno4dWVxaEJuaGYyLzFTczBXSTRta0drMjdzTXFaWDBcbmF6YUQ0UFdldlFLQmdHQ3I0aGZWNnRuYzA0enNVeTFMSFMzUTBxbVhNMW14TnY2emx6cVQ0cXVpc3I4dEJaZDBcbklQdjdZTGFleXp4ajdjU3kwRWNXNE9KUW5aNEt6TzFRMGREM2FFaFdUUlZxSVErcDB5Zk9OTFRxblJwampmblZcbmFsMkRCRCsvTHpld1pnd1dXbmljTnl2ZEFJSkU2aFVUM25xaWNSc2ptS1FHNzJYYlBrM3BDTE9EQW9HQVV0OTFcbldRRnRXOFd2cWFwTUdmdU5VRE9Rczk0Sm5neGF3TGRIWmVWZGpXUkR6YWNUdzVVM2ZaY25JaGNyZ1l3cmIxK2Vcbk9NYkRLbEF2Y25BTXNkQkMzRkl2bjBKSVpobVhxYnVzc25FbW9QekpYUHk0NXRHb2tNQlo2K2kzWjBvN1pwSzVcbnJ4NFlMdzBsbGtyMHJxdVpQdjJFZkM3anhOYnhpN1c0WHRJRkcvMENnWUFIUE1PQmRXaDFxVW15RUxWdElBWldcbjdJUk9IeUE2NHVLK2lQenVjTEJhZXlLUFErR0tyeWpYMVloWlJjOXAvQ01NY1hzOGRLcUdMODhzczhRM2t6Njhcbjg5emhTUDlmL3JOOHlWNUVTL2ZnWVpiOER4bHFoN0dqMUxVSXl0K2h5emFJMlFKNXNPZGFnRWNrMVI0QlA5cE9cbjdmRUhxSFRmeS9RL3V6aVZKd3NoSWc9PVxuLS0tLS1FTkQgUFJJVkFURSBLRVktLS0tLVxuIiwKICAiY2xpZW50X2VtYWlsIjogIjE5MDAwOTE0MDcxMC1jb21wdXRlQGRldmVsb3Blci5nc2VydmljZWFjY291bnQuY29tIiwKICAiY2xpZW50X2lkIjogIjExMzg5Njk3MzA4ODI0MjQwMTg4OCIsCiAgImF1dGhfdXJpIjogImh0dHBzOi8vYWNjb3VudHMuZ29vZ2xlLmNvbS9vL29hdXRoMi9hdXRoIiwKICAidG9rZW5fdXJpIjogImh0dHBzOi8vb2F1dGgyLmdvb2dsZWFwaXMuY29tL3Rva2VuIiwKICAiYXV0aF9wcm92aWRlcl94NTA5X2NlcnRfdXJsIjogImh0dHBzOi8vd3d3Lmdvb2dsZWFwaXMuY29tL29hdXRoMi92MS9jZXJ0cyIsCiAgImNsaWVudF94NTA5X2NlcnRfdXJsIjogImh0dHBzOi8vd3d3Lmdvb2dsZWFwaXMuY29tL3JvYm90L3YxL21ldGFkYXRhL3g1MDkvMTkwMDA5MTQwNzEwLWNvbXB1dGUlNDBkZXZlbG9wZXIuZ3NlcnZpY2VhY2NvdW50LmNvbSIsCiAgInVuaXZlcnNlX2RvbWFpbiI6ICJnb29nbGVhcGlzLmNvbSIKfQo=",
              "GOOGLE_GEMINI_LOCATION=us-central1",
              "GOOGLE_GEMINI_PROJECT_ID=numeric-amphora-449717-g0",
              "GOOGLE_GEMINI_SAFETY_OVERRIDE=Y",
              "GROQ_API_KEY=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",
              "MODEL_NAME=gemini-2.0-flash",
              "MODEL_SYSTEM_MESSAGE=\"\"",
              "OPENAI_API_KEY=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",
              "STABILITY_KEY=sk-aDioCZajnD2YVHrIXv9w1M4kjRGG4421mr1ZSIAOItqR6s1B"
            ],
            "exit_code": null,
            "gpus": null,
            "group_add": null,
            "healthcheck": null,
            "host": [],
            "hostname": "fa4a09558efc",
            "id": "fa4a09558efc6cb1d49fc24d4f9732daafcac1c7dc9b126262ff4fb705bbfb42",
            "image": "sha256:71b49fd58c6ffab3f5525f1fddc586c2b077c92513a355cd76fa920f6b991553",
            "init": false,
            "ipc_mode": "private",
            "labels": [],
            "log_driver": "json-file",
            "log_opts": null,
            "logs": false,
            "max_retry_count": 0,
            "memory": 0,
            "memory_swap": 0,
            "mounts": [],
            "must_run": true,
            "name": "playermanager",
            "network_data": [
              {
                "gateway": "172.18.0.1",
                "global_ipv6_address": "",
                "global_ipv6_prefix_length": 0,
                "ip_address": "172.18.0.9",
                "ip_prefix_length": 16,
                "ipv6_gateway": "",
                "mac_address": "7e:58:86:d6:c2:80",
                "network_name": "jaysgame_network"
              }
            ],
            "network_mode": "bridge",
            "networks_advanced": [
              {
                "aliases": [],
                "ipv4_address": "",
                "ipv6_address": "",
                "name": "jaysgame_network"
              }
            ],
            "pid_mode": "",
            "ports": [],
            "privileged": false,
            "publish_all_ports": false,
            "read_only": false,
            "remove_volumes": true,
            "restart": "no",
            "rm": false,
            "runtime": "runc",
            "security_opts": [],
            "shm_size": 64,
            "start": true,
            "stdin_open": false,
            "stop_signal": "",
            "stop_timeout": 0,
            "storage_opts": null,
            "sysctls": null,
            "tmpfs": null,
            "tty": false,
            "ulimit": [],
            "upload": [],
            "user": "",
            "userns_mode": "",
            "volumes": [],
            "wait": false,
            "wait_timeout": 60,
            "working_dir": ""
          },
          "sensitive_attributes": [
            [
              {
                "type": "get_attr",
                "value": "env"
              }
            ]
          ],
          "private": "eyJzY2hlbWFfdmVyc2lvbiI6IjIifQ==",
          "dependencies": [
            "data.terraform_remote_state.droplet",
            "docker_network.jaysgame_network"
          ]
        }
      ]
    },
    {
      "mode": "managed",
      "type": "docker_network",
      "name": "jaysgame_network",
      "provider": "provider[\"registry.terraform.io/kreuzwerker/docker\"]",
      "instances": [
        {
          "schema_version": 1,
          "attributes": {
            "attachable": false,
            "check_duplicate": null,
            "driver": "bridge",
            "id": "7445ded53958ae90ddf4f05d67e3286a5eefc81d8008cf6ed1f1a4177c37cd45",
            "ingress": false,
            "internal": false,
            "ipam_config": [
              {
                "aux_address": {},
                "gateway": "172.18.0.1",
                "ip_range": "",
                "subnet": "172.18.0.0/16"
              }
            ],
            "ipam_driver": "default",
            "ipam_options": null,
            "ipv6": false,
            "labels": [],
            "name": "jaysgame_network",
            "options": {},
            "scope": "local"
          },
          "sensitive_attributes": [],
          "private": "eyJzY2hlbWFfdmVyc2lvbiI6IjEifQ==",
          "dependencies": [
            "data.terraform_remote_state.droplet"
          ]
        }
      ]
    }
  ],
  "check_results": null
}
